
Microsoft Visual Studio Solution File, Format Version 12.00
# Visual Studio Express 14 for Windows Desktop
VisualStudioVersion = 14.0.23107.0
MinimumVisualStudioVersion = 10.0.40219.1
Project("{FAE04EC0-301F-11D3-BF4B-00C04F79EFBC}") = "Task3", "Task3\Task3.csproj", "{2AE78924-1DA3-4BCF-AAD0-C318EFED02DA}"
EndProject
Global
	GlobalSection(SolutionConfigurationPlatforms) = preSolution
		Debug|Any CPU = Debug|Any CPU
		Release|Any CPU = Release|Any CPU
	EndGlobalSection
	GlobalSection(ProjectConfigurationPlatforms) = postSolution
		{2AE78924-1DA3-4BCF-AAD0-C318EFED02DA}.Debug|Any CPU.ActiveCfg = Debug|Any CPU
		{2AE78924-1DA3-4BCF-AAD0-C318EFED02DA}.Debug|Any CPU.Build.0 = Debug|Any CPU
		{2AE78924-1DA3-4BCF-AAD0-C318EFED02DA}.Release|Any CPU.ActiveCfg = Release|Any CPU
		{2AE78924-1DA3-4BCF-AAD0-C318EFED02DA}.Release|Any CPU.Build.0 = Release|Any CPU
	EndGlobalSection
	GlobalSection(SolutionProperties) = preSolution
		HideSolutionNode = FALSE
	EndGlobalSection
EndGlobal
