
Microsoft Visual Studio Solution File, Format Version 11.00
# Visual Studio 2010
Project("{8BC9CEB8-8B4A-11D0-8D11-00A0C91BC942}") = "Task6", "Task6\Task6.vcxproj", "{1F22F9AF-9EA1-41A3-8E25-2311C24DB0D0}"
EndProject
Global
	GlobalSection(SolutionConfigurationPlatforms) = preSolution
		Debug|Win32 = Debug|Win32
		Release|Win32 = Release|Win32
	EndGlobalSection
	GlobalSection(ProjectConfigurationPlatforms) = postSolution
		{1F22F9AF-9EA1-41A3-8E25-2311C24DB0D0}.Debug|Win32.ActiveCfg = Debug|Win32
		{1F22F9AF-9EA1-41A3-8E25-2311C24DB0D0}.Debug|Win32.Build.0 = Debug|Win32
		{1F22F9AF-9EA1-41A3-8E25-2311C24DB0D0}.Release|Win32.ActiveCfg = Release|Win32
		{1F22F9AF-9EA1-41A3-8E25-2311C24DB0D0}.Release|Win32.Build.0 = Release|Win32
	EndGlobalSection
	GlobalSection(SolutionProperties) = preSolution
		HideSolutionNode = FALSE
	EndGlobalSection
EndGlobal
