
Microsoft Visual Studio Solution File, Format Version 11.00
# Visual Studio 2010
Project("{8BC9CEB8-8B4A-11D0-8D11-00A0C91BC942}") = "Task3", "Task3\Task3.vcxproj", "{6163A829-EE37-4C3A-8CF7-C3768E2144A7}"
EndProject
Global
	GlobalSection(SolutionConfigurationPlatforms) = preSolution
		Debug|Win32 = Debug|Win32
		Release|Win32 = Release|Win32
	EndGlobalSection
	GlobalSection(ProjectConfigurationPlatforms) = postSolution
		{6163A829-EE37-4C3A-8CF7-C3768E2144A7}.Debug|Win32.ActiveCfg = Debug|Win32
		{6163A829-EE37-4C3A-8CF7-C3768E2144A7}.Debug|Win32.Build.0 = Debug|Win32
		{6163A829-EE37-4C3A-8CF7-C3768E2144A7}.Release|Win32.ActiveCfg = Release|Win32
		{6163A829-EE37-4C3A-8CF7-C3768E2144A7}.Release|Win32.Build.0 = Release|Win32
	EndGlobalSection
	GlobalSection(SolutionProperties) = preSolution
		HideSolutionNode = FALSE
	EndGlobalSection
EndGlobal
